{
  "name": "vue-router-all",
  "version": "1.0.0",
  "lockfileVersion": 1,
  "requires": true,
  "dependencies": {
    "async": {
      "version": "2.6.1",
      "resolved": "http://registry.npm.taobao.org/async/download/async-2.6.1.tgz",
      "integrity": "sha1-skWiPKcZMAROxT+kaqAKPofGphA=",
      "requires": {
        "lodash": "^4.17.10"
      }
    },
    "lodash": {
      "version": "4.17.10",
      "resolved": "http://registry.npm.taobao.org/lodash/download/lodash-4.17.10.tgz",
      "integrity": "sha1-G3eTz3JZ6jj7NmHU04syYK+K5Oc="
    },
    "vue": {
      "version": "2.5.17",
      "resolved": "http://registry.npm.taobao.org/vue/download/vue-2.5.17.tgz",
      "integrity": "sha1-D4eJrXGL5oyhhyYpgy7VM1icato="
    },
    "vue-router": {
      "version": "3.0.1",
      "resolved": "http://registry.npm.taobao.org/vue-router/download/vue-router-3.0.1.tgz",
      "integrity": "sha1-2bBa2cdCC6D2JtZQDWk+YAkswek="
    }
  }
}
